
Microsoft Visual Studio Solution File, Format Version 12.00
# Visual Studio Version 16
VisualStudioVersion = 16.0.32802.440
MinimumVisualStudioVersion = 10.0.40219.1
Project("{F184B08F-C81C-45F6-A57F-5ABD9991F28F}") = "labskill3q1", "labskill3q1\labskill3q1.vbproj", "{A0F50104-5803-4473-A27F-72C9C599A9BF}"
EndProject
Global
	GlobalSection(SolutionConfigurationPlatforms) = preSolution
		Debug|Any CPU = Debug|Any CPU
		Release|Any CPU = Release|Any CPU
	EndGlobalSection
	GlobalSection(ProjectConfigurationPlatforms) = postSolution
		{A0F50104-5803-4473-A27F-72C9C599A9BF}.Debug|Any CPU.ActiveCfg = Debug|Any CPU
		{A0F50104-5803-4473-A27F-72C9C599A9BF}.Debug|Any CPU.Build.0 = Debug|Any CPU
		{A0F50104-5803-4473-A27F-72C9C599A9BF}.Release|Any CPU.ActiveCfg = Release|Any CPU
		{A0F50104-5803-4473-A27F-72C9C599A9BF}.Release|Any CPU.Build.0 = Release|Any CPU
	EndGlobalSection
	GlobalSection(SolutionProperties) = preSolution
		HideSolutionNode = FALSE
	EndGlobalSection
	GlobalSection(ExtensibilityGlobals) = postSolution
		SolutionGuid = {C100E3A5-C333-4269-86FA-0EA40D9D44A2}
	EndGlobalSection
EndGlobal
